
Microsoft Visual Studio Solution File, Format Version 12.00
# Visual Studio Version 16
VisualStudioVersion = 16.0.32602.291
MinimumVisualStudioVersion = 10.0.40219.1
Project("{FAE04EC0-301F-11D3-BF4B-00C04F79EFBC}") = "IOKOST", "IOKOST.csproj", "{AC198B32-B304-4079-BBA7-4440232892B9}"
EndProject
Project("{54435603-DBB4-11D2-8724-00A0C9A8B90C}") = "Setup", "D:\#UT#\Semester 5\Praktik Keteknososiopreneuran\IOKOST\IOKOST.vdproj", "{18361153-35A6-4516-B046-2B550DD5BE04}"
EndProject
Global
	GlobalSection(SolutionConfigurationPlatforms) = preSolution
		Debug|Any CPU = Debug|Any CPU
		Release|Any CPU = Release|Any CPU
	EndGlobalSection
	GlobalSection(ProjectConfigurationPlatforms) = postSolution
		{AC198B32-B304-4079-BBA7-4440232892B9}.Debug|Any CPU.ActiveCfg = Debug|Any CPU
		{AC198B32-B304-4079-BBA7-4440232892B9}.Debug|Any CPU.Build.0 = Debug|Any CPU
		{AC198B32-B304-4079-BBA7-4440232892B9}.Release|Any CPU.ActiveCfg = Release|Any CPU
		{AC198B32-B304-4079-BBA7-4440232892B9}.Release|Any CPU.Build.0 = Release|Any CPU
		{18361153-35A6-4516-B046-2B550DD5BE04}.Debug|Any CPU.ActiveCfg = Debug
		{18361153-35A6-4516-B046-2B550DD5BE04}.Release|Any CPU.ActiveCfg = Release
	EndGlobalSection
	GlobalSection(SolutionProperties) = preSolution
		HideSolutionNode = FALSE
	EndGlobalSection
	GlobalSection(ExtensibilityGlobals) = postSolution
		SolutionGuid = {6910A0A6-E253-4E16-9886-9FAC5F4D2CE8}
	EndGlobalSection
EndGlobal
