
Microsoft Visual Studio Solution File, Format Version 12.00
# Visual Studio Version 16
VisualStudioVersion = 16.0.32126.315
MinimumVisualStudioVersion = 10.0.40219.1
Project("{FAE04EC0-301F-11D3-BF4B-00C04F79EFBC}") = "Tugasbesar", "Tugasbesar.csproj", "{FB8D0ACA-17BB-4C83-8280-0DE84ACACFB7}"
EndProject
Global
	GlobalSection(SolutionConfigurationPlatforms) = preSolution
		Debug|Any CPU = Debug|Any CPU
		Release|Any CPU = Release|Any CPU
	EndGlobalSection
	GlobalSection(ProjectConfigurationPlatforms) = postSolution
		{FB8D0ACA-17BB-4C83-8280-0DE84ACACFB7}.Debug|Any CPU.ActiveCfg = Debug|Any CPU
		{FB8D0ACA-17BB-4C83-8280-0DE84ACACFB7}.Debug|Any CPU.Build.0 = Debug|Any CPU
		{FB8D0ACA-17BB-4C83-8280-0DE84ACACFB7}.Release|Any CPU.ActiveCfg = Release|Any CPU
		{FB8D0ACA-17BB-4C83-8280-0DE84ACACFB7}.Release|Any CPU.Build.0 = Release|Any CPU
	EndGlobalSection
	GlobalSection(SolutionProperties) = preSolution
		HideSolutionNode = FALSE
	EndGlobalSection
	GlobalSection(ExtensibilityGlobals) = postSolution
		SolutionGuid = {61F6E464-7B88-47D9-9294-81CC65DA30AD}
	EndGlobalSection
EndGlobal
